
Microsoft Visual Studio Solution File, Format Version 12.00
# Visual Studio Version 16
VisualStudioVersion = 16.0.29920.165
MinimumVisualStudioVersion = 10.0.40219.1
Project("{FAE04EC0-301F-11D3-BF4B-00C04F79EFBC}") = "week04_T4Z1QX", "week04_T4Z1QX.csproj", "{E649FF6F-8646-4693-80C0-6825F74F5953}"
EndProject
Global
	GlobalSection(SolutionConfigurationPlatforms) = preSolution
		Debug|Any CPU = Debug|Any CPU
		Release|Any CPU = Release|Any CPU
	EndGlobalSection
	GlobalSection(ProjectConfigurationPlatforms) = postSolution
		{E649FF6F-8646-4693-80C0-6825F74F5953}.Debug|Any CPU.ActiveCfg = Debug|Any CPU
		{E649FF6F-8646-4693-80C0-6825F74F5953}.Debug|Any CPU.Build.0 = Debug|Any CPU
		{E649FF6F-8646-4693-80C0-6825F74F5953}.Release|Any CPU.ActiveCfg = Release|Any CPU
		{E649FF6F-8646-4693-80C0-6825F74F5953}.Release|Any CPU.Build.0 = Release|Any CPU
	EndGlobalSection
	GlobalSection(SolutionProperties) = preSolution
		HideSolutionNode = FALSE
	EndGlobalSection
	GlobalSection(ExtensibilityGlobals) = postSolution
		SolutionGuid = {B967788B-3921-4BAA-B9C1-A6B79816CA62}
	EndGlobalSection
EndGlobal
