
Microsoft Visual Studio Solution File, Format Version 12.00
# Visual Studio Version 16
VisualStudioVersion = 16.0.29920.165
MinimumVisualStudioVersion = 10.0.40219.1
Project("{FAE04EC0-301F-11D3-BF4B-00C04F79EFBC}") = "t4z1qx_week05", "t4z1qx_week05.csproj", "{2F00831B-3F05-4BA1-BD78-498FFBACF33D}"
EndProject
Global
	GlobalSection(SolutionConfigurationPlatforms) = preSolution
		Debug|Any CPU = Debug|Any CPU
		Release|Any CPU = Release|Any CPU
	EndGlobalSection
	GlobalSection(ProjectConfigurationPlatforms) = postSolution
		{2F00831B-3F05-4BA1-BD78-498FFBACF33D}.Debug|Any CPU.ActiveCfg = Debug|Any CPU
		{2F00831B-3F05-4BA1-BD78-498FFBACF33D}.Debug|Any CPU.Build.0 = Debug|Any CPU
		{2F00831B-3F05-4BA1-BD78-498FFBACF33D}.Release|Any CPU.ActiveCfg = Release|Any CPU
		{2F00831B-3F05-4BA1-BD78-498FFBACF33D}.Release|Any CPU.Build.0 = Release|Any CPU
	EndGlobalSection
	GlobalSection(SolutionProperties) = preSolution
		HideSolutionNode = FALSE
	EndGlobalSection
	GlobalSection(ExtensibilityGlobals) = postSolution
		SolutionGuid = {01A4292B-6164-4EC4-89F8-2E014CFC3F24}
	EndGlobalSection
EndGlobal
